
Microsoft Visual Studio Solution File, Format Version 12.00
Project("{FAE04EC0-301F-11D3-BF4B-00C04F79EFBC}") = "Iterator", "Iterator\Iterator.csproj", "{C236DA7E-7695-4CD7-8829-69F034808F01}"
EndProject
Project("{FAE04EC0-301F-11D3-BF4B-00C04F79EFBC}") = "Mediator", "Mediator\Mediator.csproj", "{6C195F8B-5F9D-44B9-8291-4F14EDF9C00D}"
EndProject
Project("{FAE04EC0-301F-11D3-BF4B-00C04F79EFBC}") = "Builder", "Builder\Builder.csproj", "{91487C74-328E-4AD1-9DCA-D84E00927EAC}"
EndProject
Project("{FAE04EC0-301F-11D3-BF4B-00C04F79EFBC}") = "Prototype", "Prototype\Prototype.csproj", "{A5D8FA70-BF52-49D4-8994-A8996C0C55F9}"
EndProject
Project("{FAE04EC0-301F-11D3-BF4B-00C04F79EFBC}") = "Composite", "Composite\Composite.csproj", "{2A6F9695-C979-4C2A-9CE7-3BE85ED7A3AB}"
EndProject
Project("{FAE04EC0-301F-11D3-BF4B-00C04F79EFBC}") = "Decorator", "Decorator\Decorator.csproj", "{1E7799E4-9A0C-44EA-B93B-7E60B4D68F2B}"
EndProject
Project("{FAE04EC0-301F-11D3-BF4B-00C04F79EFBC}") = "Memento", "Memento\Memento.csproj", "{BCAC1EE1-16AB-46D5-8260-9648C4CEB022}"
EndProject
Project("{FAE04EC0-301F-11D3-BF4B-00C04F79EFBC}") = "Singleton", "Singleton\Singleton\Singleton.csproj", "{A4DFBCF1-46A8-4482-ABAF-4D97107E257B}"
EndProject
Project("{FAE04EC0-301F-11D3-BF4B-00C04F79EFBC}") = "Adapter", "Adapter\Adapter.csproj", "{033E0F90-FEB0-4D57-9820-18B61E0905BE}"
EndProject
Global
	GlobalSection(SolutionConfigurationPlatforms) = preSolution
		Debug|Any CPU = Debug|Any CPU
		Release|Any CPU = Release|Any CPU
	EndGlobalSection
	GlobalSection(ProjectConfigurationPlatforms) = postSolution
		{C236DA7E-7695-4CD7-8829-69F034808F01}.Debug|Any CPU.ActiveCfg = Debug|Any CPU
		{C236DA7E-7695-4CD7-8829-69F034808F01}.Debug|Any CPU.Build.0 = Debug|Any CPU
		{C236DA7E-7695-4CD7-8829-69F034808F01}.Release|Any CPU.ActiveCfg = Release|Any CPU
		{C236DA7E-7695-4CD7-8829-69F034808F01}.Release|Any CPU.Build.0 = Release|Any CPU
		{6C195F8B-5F9D-44B9-8291-4F14EDF9C00D}.Debug|Any CPU.ActiveCfg = Debug|Any CPU
		{6C195F8B-5F9D-44B9-8291-4F14EDF9C00D}.Debug|Any CPU.Build.0 = Debug|Any CPU
		{6C195F8B-5F9D-44B9-8291-4F14EDF9C00D}.Release|Any CPU.ActiveCfg = Release|Any CPU
		{6C195F8B-5F9D-44B9-8291-4F14EDF9C00D}.Release|Any CPU.Build.0 = Release|Any CPU
		{91487C74-328E-4AD1-9DCA-D84E00927EAC}.Debug|Any CPU.ActiveCfg = Debug|Any CPU
		{91487C74-328E-4AD1-9DCA-D84E00927EAC}.Debug|Any CPU.Build.0 = Debug|Any CPU
		{91487C74-328E-4AD1-9DCA-D84E00927EAC}.Release|Any CPU.ActiveCfg = Release|Any CPU
		{91487C74-328E-4AD1-9DCA-D84E00927EAC}.Release|Any CPU.Build.0 = Release|Any CPU
		{A5D8FA70-BF52-49D4-8994-A8996C0C55F9}.Debug|Any CPU.ActiveCfg = Debug|Any CPU
		{A5D8FA70-BF52-49D4-8994-A8996C0C55F9}.Debug|Any CPU.Build.0 = Debug|Any CPU
		{A5D8FA70-BF52-49D4-8994-A8996C0C55F9}.Release|Any CPU.ActiveCfg = Release|Any CPU
		{A5D8FA70-BF52-49D4-8994-A8996C0C55F9}.Release|Any CPU.Build.0 = Release|Any CPU
		{2A6F9695-C979-4C2A-9CE7-3BE85ED7A3AB}.Debug|Any CPU.ActiveCfg = Debug|Any CPU
		{2A6F9695-C979-4C2A-9CE7-3BE85ED7A3AB}.Debug|Any CPU.Build.0 = Debug|Any CPU
		{2A6F9695-C979-4C2A-9CE7-3BE85ED7A3AB}.Release|Any CPU.ActiveCfg = Release|Any CPU
		{2A6F9695-C979-4C2A-9CE7-3BE85ED7A3AB}.Release|Any CPU.Build.0 = Release|Any CPU
		{1E7799E4-9A0C-44EA-B93B-7E60B4D68F2B}.Debug|Any CPU.ActiveCfg = Debug|Any CPU
		{1E7799E4-9A0C-44EA-B93B-7E60B4D68F2B}.Debug|Any CPU.Build.0 = Debug|Any CPU
		{1E7799E4-9A0C-44EA-B93B-7E60B4D68F2B}.Release|Any CPU.ActiveCfg = Release|Any CPU
		{1E7799E4-9A0C-44EA-B93B-7E60B4D68F2B}.Release|Any CPU.Build.0 = Release|Any CPU
		{BCAC1EE1-16AB-46D5-8260-9648C4CEB022}.Debug|Any CPU.ActiveCfg = Debug|Any CPU
		{BCAC1EE1-16AB-46D5-8260-9648C4CEB022}.Debug|Any CPU.Build.0 = Debug|Any CPU
		{BCAC1EE1-16AB-46D5-8260-9648C4CEB022}.Release|Any CPU.ActiveCfg = Release|Any CPU
		{BCAC1EE1-16AB-46D5-8260-9648C4CEB022}.Release|Any CPU.Build.0 = Release|Any CPU
		{A4DFBCF1-46A8-4482-ABAF-4D97107E257B}.Debug|Any CPU.ActiveCfg = Debug|Any CPU
		{A4DFBCF1-46A8-4482-ABAF-4D97107E257B}.Debug|Any CPU.Build.0 = Debug|Any CPU
		{A4DFBCF1-46A8-4482-ABAF-4D97107E257B}.Release|Any CPU.ActiveCfg = Release|Any CPU
		{A4DFBCF1-46A8-4482-ABAF-4D97107E257B}.Release|Any CPU.Build.0 = Release|Any CPU
		{033E0F90-FEB0-4D57-9820-18B61E0905BE}.Debug|Any CPU.ActiveCfg = Debug|Any CPU
		{033E0F90-FEB0-4D57-9820-18B61E0905BE}.Debug|Any CPU.Build.0 = Debug|Any CPU
		{033E0F90-FEB0-4D57-9820-18B61E0905BE}.Release|Any CPU.ActiveCfg = Release|Any CPU
		{033E0F90-FEB0-4D57-9820-18B61E0905BE}.Release|Any CPU.Build.0 = Release|Any CPU
	EndGlobalSection
EndGlobal
